// !$*UTF8*$!
{
	archiveVersion = 1;
	classes = {
	};
	objectVersion = 46;
	objects = {

/* Begin PBXBuildFile section */
		009D4E71AED34A54853B7F51 /* libPods-osx.a in Frameworks */ = {isa = PBXBuildFile; fileRef = BBD8D50209E84CD981F3FA7A /* libPods-osx.a */; };
		270ED44E19D165BB007E08C4 /* CDTQueryBuilderTests.m in Sources */ = {isa = PBXBuildFile; fileRef = 9985C74819AE5D8300636AB6 /* CDTQueryBuilderTests.m */; };
		27389E12185345FD0027A404 /* Foundation.framework in Frameworks */ = {isa = PBXBuildFile; fileRef = 27389E11185345FD0027A404 /* Foundation.framework */; };
		27389E14185345FD0027A404 /* UIKit.framework in Frameworks */ = {isa = PBXBuildFile; fileRef = 27389E13185345FD0027A404 /* UIKit.framework */; };
		27389E1A185345FD0027A404 /* InfoPlist.strings in Resources */ = {isa = PBXBuildFile; fileRef = 27389E18185345FD0027A404 /* InfoPlist.strings */; };
		27389E3518534E050027A404 /* CloudantSyncTests.m in Sources */ = {isa = PBXBuildFile; fileRef = 27389E2E18534E050027A404 /* CloudantSyncTests.m */; };
		27389E3618534E050027A404 /* DatastoreActions.m in Sources */ = {isa = PBXBuildFile; fileRef = 27389E3018534E050027A404 /* DatastoreActions.m */; };
		27651C6419001B54006FEF7F /* bonsai-boston.jpg in Resources */ = {isa = PBXBuildFile; fileRef = 27651C6319001B54006FEF7F /* bonsai-boston.jpg */; };
		27651C6519001B54006FEF7F /* bonsai-boston.jpg in Resources */ = {isa = PBXBuildFile; fileRef = 27651C6319001B54006FEF7F /* bonsai-boston.jpg */; };
		27CCEDCD187AD64F006F3C66 /* InfoPlist.strings in Resources */ = {isa = PBXBuildFile; fileRef = 27CCEDCB187AD64F006F3C66 /* InfoPlist.strings */; };
		27CCEDD6187AD70C006F3C66 /* CloudantSyncTests.m in Sources */ = {isa = PBXBuildFile; fileRef = 27389E2E18534E050027A404 /* CloudantSyncTests.m */; };
		27CCEDD7187AD719006F3C66 /* DatastoreActions.m in Sources */ = {isa = PBXBuildFile; fileRef = 27389E3018534E050027A404 /* DatastoreActions.m */; };
		27D96E4418E1E0D400DEA006 /* lorem.txt in Resources */ = {isa = PBXBuildFile; fileRef = 27D96E4218E1E0D400DEA006 /* lorem.txt */; };
		27D96E4518E1E0D400DEA006 /* lorem.txt in Resources */ = {isa = PBXBuildFile; fileRef = 27D96E4218E1E0D400DEA006 /* lorem.txt */; };
		27F43D4918E99C31003E8422 /* AmazonMD5Util.m in Sources */ = {isa = PBXBuildFile; fileRef = 27F43D4818E99C31003E8422 /* AmazonMD5Util.m */; };
		27F43D4A18E99C31003E8422 /* AmazonMD5Util.m in Sources */ = {isa = PBXBuildFile; fileRef = 27F43D4818E99C31003E8422 /* AmazonMD5Util.m */; };
		640AB8661E6344B98E64E18E /* libPods-ios.a in Frameworks */ = {isa = PBXBuildFile; fileRef = C0D0295E40984E2788387EEE /* libPods-ios.a */; };
		8E82CAB11A83C3700046DA9D /* schema6to7upgrade.touchdb in Resources */ = {isa = PBXBuildFile; fileRef = 8E82CAB01A83C3670046DA9D /* schema6to7upgrade.touchdb */; };
		8E82CAB21A83C3700046DA9D /* schema6to7upgrade.touchdb in Resources */ = {isa = PBXBuildFile; fileRef = 8E82CAB01A83C3670046DA9D /* schema6to7upgrade.touchdb */; };
		985A188719D2CC54000283E9 /* CDTDatastoreEvents.m in Sources */ = {isa = PBXBuildFile; fileRef = 985A188619D2CC54000283E9 /* CDTDatastoreEvents.m */; };
		985A188819D2CC54000283E9 /* CDTDatastoreEvents.m in Sources */ = {isa = PBXBuildFile; fileRef = 985A188619D2CC54000283E9 /* CDTDatastoreEvents.m */; };
		985A188A19D2CCEB000283E9 /* DatastoreConflicts.m in Sources */ = {isa = PBXBuildFile; fileRef = 985A188919D2CCEB000283E9 /* DatastoreConflicts.m */; };
		985A188B19D2CCEB000283E9 /* DatastoreConflicts.m in Sources */ = {isa = PBXBuildFile; fileRef = 985A188919D2CCEB000283E9 /* DatastoreConflicts.m */; };
		985F84D4198BD3A4004D8713 /* AttachmentCRUD.m in Sources */ = {isa = PBXBuildFile; fileRef = 985F84D3198BD3A4004D8713 /* AttachmentCRUD.m */; };
		985F84D5198BDA6D004D8713 /* AttachmentCRUD.m in Sources */ = {isa = PBXBuildFile; fileRef = 985F84D3198BD3A4004D8713 /* AttachmentCRUD.m */; };
		985FEFFF19CC597400EA5392 /* IndexManagerTests.m in Sources */ = {isa = PBXBuildFile; fileRef = 985FEFFE19CC597400EA5392 /* IndexManagerTests.m */; };
		985FF00019CC597400EA5392 /* IndexManagerTests.m in Sources */ = {isa = PBXBuildFile; fileRef = 985FEFFE19CC597400EA5392 /* IndexManagerTests.m */; };
		989E6E22198799AE00FB8510 /* DatastoreCRUD.m in Sources */ = {isa = PBXBuildFile; fileRef = 989E6E21198799AE00FB8510 /* DatastoreCRUD.m */; };
		989E6E23198799AE00FB8510 /* DatastoreCRUD.m in Sources */ = {isa = PBXBuildFile; fileRef = 989E6E21198799AE00FB8510 /* DatastoreCRUD.m */; };
		98BB740019E5927600C57866 /* CloudantTests.m in Sources */ = {isa = PBXBuildFile; fileRef = 98BB73FF19E5927600C57866 /* CloudantTests.m */; };
		98BB740119E5927600C57866 /* CloudantTests.m in Sources */ = {isa = PBXBuildFile; fileRef = 98BB73FF19E5927600C57866 /* CloudantTests.m */; };
		98DDEB9F1A41CD3400767178 /* DatastoreManagerTests.m in Sources */ = {isa = PBXBuildFile; fileRef = 98DDEB9E1A41CD3400767178 /* DatastoreManagerTests.m */; };
		98DDEBA01A41CD3400767178 /* DatastoreManagerTests.m in Sources */ = {isa = PBXBuildFile; fileRef = 98DDEB9E1A41CD3400767178 /* DatastoreManagerTests.m */; };
		9985C74919AE5D8300636AB6 /* CDTQueryBuilderTests.m in Sources */ = {isa = PBXBuildFile; fileRef = 9985C74819AE5D8300636AB6 /* CDTQueryBuilderTests.m */; };
		9F0D23E918888C6C00D3D04E /* Foundation.framework in Frameworks */ = {isa = PBXBuildFile; fileRef = 9F0D23E818888C6C00D3D04E /* Foundation.framework */; };
		9F0D23F1188B4FA900D3D04E /* TDMultipartReaderTests.m in Sources */ = {isa = PBXBuildFile; fileRef = 9F0D23F0188B4FA900D3D04E /* TDMultipartReaderTests.m */; };
		9F0D23F2188B4FA900D3D04E /* TDMultipartReaderTests.m in Sources */ = {isa = PBXBuildFile; fileRef = 9F0D23F0188B4FA900D3D04E /* TDMultipartReaderTests.m */; };
		9F0D23F4188B4FFF00D3D04E /* TDMultipartWriterTests.m in Sources */ = {isa = PBXBuildFile; fileRef = 9F0D23F3188B4FFF00D3D04E /* TDMultipartWriterTests.m */; };
		9F0D23F5188B4FFF00D3D04E /* TDMultipartWriterTests.m in Sources */ = {isa = PBXBuildFile; fileRef = 9F0D23F3188B4FFF00D3D04E /* TDMultipartWriterTests.m */; };
		9F0D23F7188DF30D00D3D04E /* TDMultiStreamWriterTests.m in Sources */ = {isa = PBXBuildFile; fileRef = 9F0D23F6188DF30D00D3D04E /* TDMultiStreamWriterTests.m */; };
		9F0D23F8188DF30D00D3D04E /* TDMultiStreamWriterTests.m in Sources */ = {isa = PBXBuildFile; fileRef = 9F0D23F6188DF30D00D3D04E /* TDMultiStreamWriterTests.m */; };
		9F0D23FA188DF36800D3D04E /* TD_DatabaseTests.m in Sources */ = {isa = PBXBuildFile; fileRef = 9F0D23F9188DF36800D3D04E /* TD_DatabaseTests.m */; };
		9F0D23FB188DF36800D3D04E /* TD_DatabaseTests.m in Sources */ = {isa = PBXBuildFile; fileRef = 9F0D23F9188DF36800D3D04E /* TD_DatabaseTests.m */; };
		9F0D23FF188DF96600D3D04E /* TD_DatabaseManagerTests.m in Sources */ = {isa = PBXBuildFile; fileRef = 9F0D23FE188DF96600D3D04E /* TD_DatabaseManagerTests.m */; };
		9F0D2400188DF96600D3D04E /* TD_DatabaseManagerTests.m in Sources */ = {isa = PBXBuildFile; fileRef = 9F0D23FE188DF96600D3D04E /* TD_DatabaseManagerTests.m */; };
		9F0D2402188DFE8600D3D04E /* TD_RevisionTests.m in Sources */ = {isa = PBXBuildFile; fileRef = 9F0D2401188DFE8600D3D04E /* TD_RevisionTests.m */; };
		9F0D2403188DFE8600D3D04E /* TD_RevisionTests.m in Sources */ = {isa = PBXBuildFile; fileRef = 9F0D2401188DFE8600D3D04E /* TD_RevisionTests.m */; };
		9F0D2408188E378700D3D04E /* TDCanonicalJSONTests.m in Sources */ = {isa = PBXBuildFile; fileRef = 9F0D2407188E378700D3D04E /* TDCanonicalJSONTests.m */; };
		9F0D2409188E378700D3D04E /* TDCanonicalJSONTests.m in Sources */ = {isa = PBXBuildFile; fileRef = 9F0D2407188E378700D3D04E /* TDCanonicalJSONTests.m */; };
		9F0D240B188E3C3A00D3D04E /* TDCollateJSONTests.m in Sources */ = {isa = PBXBuildFile; fileRef = 9F0D240A188E3C3A00D3D04E /* TDCollateJSONTests.m */; };
		9F0D240C188E3C3A00D3D04E /* TDCollateJSONTests.m in Sources */ = {isa = PBXBuildFile; fileRef = 9F0D240A188E3C3A00D3D04E /* TDCollateJSONTests.m */; };
		9F0D240E188F01DD00D3D04E /* TDMiscTests.m in Sources */ = {isa = PBXBuildFile; fileRef = 9F0D240D188F01DD00D3D04E /* TDMiscTests.m */; };
		9F0D240F188F01DD00D3D04E /* TDMiscTests.m in Sources */ = {isa = PBXBuildFile; fileRef = 9F0D240D188F01DD00D3D04E /* TDMiscTests.m */; };
		9F0D24111890AD0C00D3D04E /* TDMultipartDownloaderTests.m in Sources */ = {isa = PBXBuildFile; fileRef = 9F0D24101890AD0C00D3D04E /* TDMultipartDownloaderTests.m */; };
		9F0D24121890AD0C00D3D04E /* TDMultipartDownloaderTests.m in Sources */ = {isa = PBXBuildFile; fileRef = 9F0D24101890AD0C00D3D04E /* TDMultipartDownloaderTests.m */; };
		9F0D24141892E9B800D3D04E /* TDPusherTests.m in Sources */ = {isa = PBXBuildFile; fileRef = 9F0D24131892E9B800D3D04E /* TDPusherTests.m */; };
		9F0D24151892E9B800D3D04E /* TDPusherTests.m in Sources */ = {isa = PBXBuildFile; fileRef = 9F0D24131892E9B800D3D04E /* TDPusherTests.m */; };
		9F0D24171893161000D3D04E /* TDReachabilityTests.m in Sources */ = {isa = PBXBuildFile; fileRef = 9F0D24161893161000D3D04E /* TDReachabilityTests.m */; };
		9F0D24181893161000D3D04E /* TDReachabilityTests.m in Sources */ = {isa = PBXBuildFile; fileRef = 9F0D24161893161000D3D04E /* TDReachabilityTests.m */; };
		9F0D241A18932DA700D3D04E /* TDSequenceMapTests.m in Sources */ = {isa = PBXBuildFile; fileRef = 9F0D241918932DA700D3D04E /* TDSequenceMapTests.m */; };
		9F0D241B18932DA700D3D04E /* TDSequenceMapTests.m in Sources */ = {isa = PBXBuildFile; fileRef = 9F0D241918932DA700D3D04E /* TDSequenceMapTests.m */; };
		9F4E646B19DC815B00FE37E1 /* CDTReplicationTests.m in Sources */ = {isa = PBXBuildFile; fileRef = 9F4E646919DC815B00FE37E1 /* CDTReplicationTests.m */; };
		9F4E646C19DC815B00FE37E1 /* CDTReplicationTests.m in Sources */ = {isa = PBXBuildFile; fileRef = 9F4E646919DC815B00FE37E1 /* CDTReplicationTests.m */; };
		9F4E646D19DC815B00FE37E1 /* SetUpDatastore.m in Sources */ = {isa = PBXBuildFile; fileRef = 9F4E646A19DC815B00FE37E1 /* SetUpDatastore.m */; };
		9F4E646E19DC815B00FE37E1 /* SetUpDatastore.m in Sources */ = {isa = PBXBuildFile; fileRef = 9F4E646A19DC815B00FE37E1 /* SetUpDatastore.m */; };
		9F95D61018CF6A580006D349 /* DBQueryUtils.m in Sources */ = {isa = PBXBuildFile; fileRef = 9F95D60F18CF6A580006D349 /* DBQueryUtils.m */; };
		9F95D61118CF6A580006D349 /* DBQueryUtils.m in Sources */ = {isa = PBXBuildFile; fileRef = 9F95D60F18CF6A580006D349 /* DBQueryUtils.m */; };
		9FC082981913378F0024EA1E /* DatastoreConflictResolvers.m in Sources */ = {isa = PBXBuildFile; fileRef = 9FC082971913378F0024EA1E /* DatastoreConflictResolvers.m */; };
		9FC082991913378F0024EA1E /* DatastoreConflictResolvers.m in Sources */ = {isa = PBXBuildFile; fileRef = 9FC082971913378F0024EA1E /* DatastoreConflictResolvers.m */; };
		EC0C833C1AB217290051042F /* CDTDatastoreQueryTests.m in Sources */ = {isa = PBXBuildFile; fileRef = EC0C831F1AB217290051042F /* CDTDatastoreQueryTests.m */; };
		EC0C833D1AB217290051042F /* CDTDatastoreQueryTests.m in Sources */ = {isa = PBXBuildFile; fileRef = EC0C831F1AB217290051042F /* CDTDatastoreQueryTests.m */; };
		EC0C833E1AB217290051042F /* CDTQFilterFieldsTest.m in Sources */ = {isa = PBXBuildFile; fileRef = EC0C83201AB217290051042F /* CDTQFilterFieldsTest.m */; };
		EC0C833F1AB217290051042F /* CDTQFilterFieldsTest.m in Sources */ = {isa = PBXBuildFile; fileRef = EC0C83201AB217290051042F /* CDTQFilterFieldsTest.m */; };
		EC0C83401AB217290051042F /* CDTQIndexCreatorTests.m in Sources */ = {isa = PBXBuildFile; fileRef = EC0C83211AB217290051042F /* CDTQIndexCreatorTests.m */; };
		EC0C83411AB217290051042F /* CDTQIndexCreatorTests.m in Sources */ = {isa = PBXBuildFile; fileRef = EC0C83211AB217290051042F /* CDTQIndexCreatorTests.m */; };
		EC0C83421AB217290051042F /* CDTQIndexManagerTests.m in Sources */ = {isa = PBXBuildFile; fileRef = EC0C83221AB217290051042F /* CDTQIndexManagerTests.m */; };
		EC0C83431AB217290051042F /* CDTQIndexManagerTests.m in Sources */ = {isa = PBXBuildFile; fileRef = EC0C83221AB217290051042F /* CDTQIndexManagerTests.m */; };
		EC0C83441AB217290051042F /* CDTQIndexUpdaterTests.m in Sources */ = {isa = PBXBuildFile; fileRef = EC0C83231AB217290051042F /* CDTQIndexUpdaterTests.m */; };
		EC0C83451AB217290051042F /* CDTQIndexUpdaterTests.m in Sources */ = {isa = PBXBuildFile; fileRef = EC0C83231AB217290051042F /* CDTQIndexUpdaterTests.m */; };
		EC0C83461AB217290051042F /* CDTQInvalidQuerySyntax.m in Sources */ = {isa = PBXBuildFile; fileRef = EC0C83241AB217290051042F /* CDTQInvalidQuerySyntax.m */; };
		EC0C83471AB217290051042F /* CDTQInvalidQuerySyntax.m in Sources */ = {isa = PBXBuildFile; fileRef = EC0C83241AB217290051042F /* CDTQInvalidQuerySyntax.m */; };
		EC0C83481AB217290051042F /* CDTQPerformanceTests.m in Sources */ = {isa = PBXBuildFile; fileRef = EC0C83251AB217290051042F /* CDTQPerformanceTests.m */; };
		EC0C83491AB217290051042F /* CDTQPerformanceTests.m in Sources */ = {isa = PBXBuildFile; fileRef = EC0C83251AB217290051042F /* CDTQPerformanceTests.m */; };
		EC0C834A1AB217290051042F /* CDTQQueryExecutorTests.m in Sources */ = {isa = PBXBuildFile; fileRef = EC0C83261AB217290051042F /* CDTQQueryExecutorTests.m */; };
		EC0C834B1AB217290051042F /* CDTQQueryExecutorTests.m in Sources */ = {isa = PBXBuildFile; fileRef = EC0C83261AB217290051042F /* CDTQQueryExecutorTests.m */; };
		EC0C834C1AB217290051042F /* CDTQQuerySortTests.m in Sources */ = {isa = PBXBuildFile; fileRef = EC0C83271AB217290051042F /* CDTQQuerySortTests.m */; };
		EC0C834D1AB217290051042F /* CDTQQuerySortTests.m in Sources */ = {isa = PBXBuildFile; fileRef = EC0C83271AB217290051042F /* CDTQQuerySortTests.m */; };
		EC0C834E1AB217290051042F /* CDTQQuerySqlTranslatorTests.m in Sources */ = {isa = PBXBuildFile; fileRef = EC0C83281AB217290051042F /* CDTQQuerySqlTranslatorTests.m */; };
		EC0C834F1AB217290051042F /* CDTQQuerySqlTranslatorTests.m in Sources */ = {isa = PBXBuildFile; fileRef = EC0C83281AB217290051042F /* CDTQQuerySqlTranslatorTests.m */; };
		EC0C83501AB217290051042F /* CDTQUnindexedMatcherTests.m in Sources */ = {isa = PBXBuildFile; fileRef = EC0C83291AB217290051042F /* CDTQUnindexedMatcherTests.m */; };
		EC0C83511AB217290051042F /* CDTQUnindexedMatcherTests.m in Sources */ = {isa = PBXBuildFile; fileRef = EC0C83291AB217290051042F /* CDTQUnindexedMatcherTests.m */; };
		EC0C83521AB217290051042F /* CDTQValueExtractorTests.m in Sources */ = {isa = PBXBuildFile; fileRef = EC0C832A1AB217290051042F /* CDTQValueExtractorTests.m */; };
		EC0C83531AB217290051042F /* CDTQValueExtractorTests.m in Sources */ = {isa = PBXBuildFile; fileRef = EC0C832A1AB217290051042F /* CDTQValueExtractorTests.m */; };
		EC0C83541AB217290051042F /* CDTQContainsAllElementsMatcher.m in Sources */ = {isa = PBXBuildFile; fileRef = EC0C832D1AB217290051042F /* CDTQContainsAllElementsMatcher.m */; };
		EC0C83551AB217290051042F /* CDTQContainsAllElementsMatcher.m in Sources */ = {isa = PBXBuildFile; fileRef = EC0C832D1AB217290051042F /* CDTQContainsAllElementsMatcher.m */; };
		EC0C83561AB217290051042F /* CDTQEitherMatcher.m in Sources */ = {isa = PBXBuildFile; fileRef = EC0C832F1AB217290051042F /* CDTQEitherMatcher.m */; };
		EC0C83571AB217290051042F /* CDTQEitherMatcher.m in Sources */ = {isa = PBXBuildFile; fileRef = EC0C832F1AB217290051042F /* CDTQEitherMatcher.m */; };
		EC0C83581AB217290051042F /* CDTQQueryMatcher.m in Sources */ = {isa = PBXBuildFile; fileRef = EC0C83311AB217290051042F /* CDTQQueryMatcher.m */; };
		EC0C83591AB217290051042F /* CDTQQueryMatcher.m in Sources */ = {isa = PBXBuildFile; fileRef = EC0C83311AB217290051042F /* CDTQQueryMatcher.m */; };
		EC0C835A1AB217290051042F /* CDTQMatcherIndexManager.m in Sources */ = {isa = PBXBuildFile; fileRef = EC0C83341AB217290051042F /* CDTQMatcherIndexManager.m */; };
		EC0C835B1AB217290051042F /* CDTQMatcherIndexManager.m in Sources */ = {isa = PBXBuildFile; fileRef = EC0C83341AB217290051042F /* CDTQMatcherIndexManager.m */; };
		EC0C835C1AB217290051042F /* CDTQMatcherQueryExecutor.m in Sources */ = {isa = PBXBuildFile; fileRef = EC0C83361AB217290051042F /* CDTQMatcherQueryExecutor.m */; };
		EC0C835D1AB217290051042F /* CDTQMatcherQueryExecutor.m in Sources */ = {isa = PBXBuildFile; fileRef = EC0C83361AB217290051042F /* CDTQMatcherQueryExecutor.m */; };
		EC0C835E1AB217290051042F /* CDTQSQLOnlyIndexManager.m in Sources */ = {isa = PBXBuildFile; fileRef = EC0C83381AB217290051042F /* CDTQSQLOnlyIndexManager.m */; };
		EC0C835F1AB217290051042F /* CDTQSQLOnlyIndexManager.m in Sources */ = {isa = PBXBuildFile; fileRef = EC0C83381AB217290051042F /* CDTQSQLOnlyIndexManager.m */; };
		EC0C83601AB217290051042F /* CDTQSQLOnlyQueryExecutor.m in Sources */ = {isa = PBXBuildFile; fileRef = EC0C833A1AB217290051042F /* CDTQSQLOnlyQueryExecutor.m */; };
		EC0C83611AB217290051042F /* CDTQSQLOnlyQueryExecutor.m in Sources */ = {isa = PBXBuildFile; fileRef = EC0C833A1AB217290051042F /* CDTQSQLOnlyQueryExecutor.m */; };
		EC0C83621AB217290051042F /* Tests.m in Sources */ = {isa = PBXBuildFile; fileRef = EC0C833B1AB217290051042F /* Tests.m */; };
		EC0C83631AB217290051042F /* Tests.m in Sources */ = {isa = PBXBuildFile; fileRef = EC0C833B1AB217290051042F /* Tests.m */; };
		CD00CBBE1AC7703800C3F2D5 /* emptyencryptedindex.sqlite in Resources */ = {isa = PBXBuildFile; fileRef = CD00CBBD1AC7703800C3F2D5 /* emptyencryptedindex.sqlite */; };
		CD00CBBF1AC7703800C3F2D5 /* emptyencryptedindex.sqlite in Resources */ = {isa = PBXBuildFile; fileRef = CD00CBBD1AC7703800C3F2D5 /* emptyencryptedindex.sqlite */; };
		CD0D10EC1AB09CE8003315B5 /* TD_DatabaseDeletionTests.m in Sources */ = {isa = PBXBuildFile; fileRef = CD0D10EB1AB09CE8003315B5 /* TD_DatabaseDeletionTests.m */; };
		CD0D10ED1AB09CE8003315B5 /* TD_DatabaseDeletionTests.m in Sources */ = {isa = PBXBuildFile; fileRef = CD0D10EB1AB09CE8003315B5 /* TD_DatabaseDeletionTests.m */; };
		CD3FBCA61AB05A170032376E /* CDTHelperFixedKeyProvider.m in Sources */ = {isa = PBXBuildFile; fileRef = CD3FBCA31AB05A170032376E /* CDTHelperFixedKeyProvider.m */; };
		CD3FBCA71AB05A170032376E /* CDTHelperFixedKeyProvider.m in Sources */ = {isa = PBXBuildFile; fileRef = CD3FBCA31AB05A170032376E /* CDTHelperFixedKeyProvider.m */; };
		CD3FBCA81AB05A170032376E /* CDTHelperOneUseKeyProvider.m in Sources */ = {isa = PBXBuildFile; fileRef = CD3FBCA51AB05A170032376E /* CDTHelperOneUseKeyProvider.m */; };
		CD3FBCA91AB05A170032376E /* CDTHelperOneUseKeyProvider.m in Sources */ = {isa = PBXBuildFile; fileRef = CD3FBCA51AB05A170032376E /* CDTHelperOneUseKeyProvider.m */; };
		CD7110421AB6282500558645 /* DatastoreEncryptionTests.m in Sources */ = {isa = PBXBuildFile; fileRef = CD7110401AB6282500558645 /* DatastoreEncryptionTests.m */; };
		CD7110431AB6282500558645 /* DatastoreEncryptionTests.m in Sources */ = {isa = PBXBuildFile; fileRef = CD7110401AB6282500558645 /* DatastoreEncryptionTests.m */; };
		CD7110441AB6282500558645 /* DatastoreManagerEncryptionTests.m in Sources */ = {isa = PBXBuildFile; fileRef = CD7110411AB6282500558645 /* DatastoreManagerEncryptionTests.m */; };
		CD7110451AB6282500558645 /* DatastoreManagerEncryptionTests.m in Sources */ = {isa = PBXBuildFile; fileRef = CD7110411AB6282500558645 /* DatastoreManagerEncryptionTests.m */; };
		CD79FFE11A9B40FA00F5B5C5 /* IndexManagerEncryptionTests.m in Sources */ = {isa = PBXBuildFile; fileRef = CD79FFDF1A9B3E0F00F5B5C5 /* IndexManagerEncryptionTests.m */; };
		CD79FFE71A9B478A00F5B5C5 /* IndexManagerEncryptionTests.m in Sources */ = {isa = PBXBuildFile; fileRef = CD79FFDF1A9B3E0F00F5B5C5 /* IndexManagerEncryptionTests.m */; };
		CD94A6FE1AB8A24C006C8343 /* emptyencrypteddb.touchdb in Resources */ = {isa = PBXBuildFile; fileRef = CD94A6FD1AB8A24C006C8343 /* emptyencrypteddb.touchdb */; };
		CD94A6FF1AB8A24C006C8343 /* emptyencrypteddb.touchdb in Resources */ = {isa = PBXBuildFile; fileRef = CD94A6FD1AB8A24C006C8343 /* emptyencrypteddb.touchdb */; };
		CDE860371A97AF2B00828AC4 /* TD_DatabaseEncryptionTests.m in Sources */ = {isa = PBXBuildFile; fileRef = CDE860361A97AF2B00828AC4 /* TD_DatabaseEncryptionTests.m */; };
		CDE860381A97AF2B00828AC4 /* TD_DatabaseEncryptionTests.m in Sources */ = {isa = PBXBuildFile; fileRef = CDE860361A97AF2B00828AC4 /* TD_DatabaseEncryptionTests.m */; };
		CDEE6ED11AAF3C17002C96C0 /* CloudantTests+EncryptionTests.m in Sources */ = {isa = PBXBuildFile; fileRef = CDEE6ED01AAF3C17002C96C0 /* CloudantTests+EncryptionTests.m */; };
		CDEE6ED21AAF3C17002C96C0 /* CloudantTests+EncryptionTests.m in Sources */ = {isa = PBXBuildFile; fileRef = CDEE6ED01AAF3C17002C96C0 /* CloudantTests+EncryptionTests.m */; };
/* End PBXBuildFile section */

/* Begin PBXFileReference section */
		03034DD60492427AC73C43CD /* Pods-osx.release.xcconfig */ = {isa = PBXFileReference; includeInIndex = 1; lastKnownFileType = text.xcconfig; name = "Pods-osx.release.xcconfig"; path = "Pods/Target Support Files/Pods-osx/Pods-osx.release.xcconfig"; sourceTree = "<group>"; };
		27389E0C185345FD0027A404 /* Tests.xctest */ = {isa = PBXFileReference; explicitFileType = wrapper.cfbundle; includeInIndex = 0; path = Tests.xctest; sourceTree = BUILT_PRODUCTS_DIR; };
		27389E11185345FD0027A404 /* Foundation.framework */ = {isa = PBXFileReference; lastKnownFileType = wrapper.framework; name = Foundation.framework; path = Library/Frameworks/Foundation.framework; sourceTree = DEVELOPER_DIR; };
		27389E13185345FD0027A404 /* UIKit.framework */ = {isa = PBXFileReference; lastKnownFileType = wrapper.framework; name = UIKit.framework; path = Library/Frameworks/UIKit.framework; sourceTree = DEVELOPER_DIR; };
		27389E17185345FD0027A404 /* Tests-Info.plist */ = {isa = PBXFileReference; lastKnownFileType = text.plist.xml; path = "Tests-Info.plist"; sourceTree = "<group>"; };
		27389E19185345FD0027A404 /* en */ = {isa = PBXFileReference; lastKnownFileType = text.plist.strings; name = en; path = en.lproj/InfoPlist.strings; sourceTree = "<group>"; };
		27389E1D185345FD0027A404 /* Tests-Prefix.pch */ = {isa = PBXFileReference; lastKnownFileType = sourcecode.c.h; path = "Tests-Prefix.pch"; sourceTree = "<group>"; };
		27389E2D18534E050027A404 /* CloudantSyncTests.h */ = {isa = PBXFileReference; fileEncoding = 4; lastKnownFileType = sourcecode.c.h; path = CloudantSyncTests.h; sourceTree = "<group>"; };
		27389E2E18534E050027A404 /* CloudantSyncTests.m */ = {isa = PBXFileReference; fileEncoding = 4; lastKnownFileType = sourcecode.c.objc; path = CloudantSyncTests.m; sourceTree = "<group>"; };
		27389E3018534E050027A404 /* DatastoreActions.m */ = {isa = PBXFileReference; fileEncoding = 4; lastKnownFileType = sourcecode.c.objc; path = DatastoreActions.m; sourceTree = "<group>"; };
		27651C6319001B54006FEF7F /* bonsai-boston.jpg */ = {isa = PBXFileReference; lastKnownFileType = image.jpeg; name = "bonsai-boston.jpg"; path = "Assets/bonsai-boston.jpg"; sourceTree = "<group>"; };
		27CCEDC6187AD64F006F3C66 /* Tests OSX.xctest */ = {isa = PBXFileReference; explicitFileType = wrapper.cfbundle; includeInIndex = 0; path = "Tests OSX.xctest"; sourceTree = BUILT_PRODUCTS_DIR; };
		27CCEDCA187AD64F006F3C66 /* Tests OSX-Info.plist */ = {isa = PBXFileReference; lastKnownFileType = text.plist.xml; path = "Tests OSX-Info.plist"; sourceTree = "<group>"; };
		27CCEDCC187AD64F006F3C66 /* en */ = {isa = PBXFileReference; lastKnownFileType = text.plist.strings; name = en; path = en.lproj/InfoPlist.strings; sourceTree = "<group>"; };
		27CCEDCE187AD64F006F3C66 /* Tests_OSX.m */ = {isa = PBXFileReference; lastKnownFileType = sourcecode.c.objc; path = Tests_OSX.m; sourceTree = "<group>"; };
		27CCEDD0187AD64F006F3C66 /* Tests OSX-Prefix.pch */ = {isa = PBXFileReference; lastKnownFileType = sourcecode.c.h; path = "Tests OSX-Prefix.pch"; sourceTree = "<group>"; };
		27D96E4218E1E0D400DEA006 /* lorem.txt */ = {isa = PBXFileReference; fileEncoding = 4; lastKnownFileType = text; name = lorem.txt; path = Assets/lorem.txt; sourceTree = "<group>"; };
		27F43D4718E99C31003E8422 /* AmazonMD5Util.h */ = {isa = PBXFileReference; fileEncoding = 4; lastKnownFileType = sourcecode.c.h; path = AmazonMD5Util.h; sourceTree = "<group>"; };
		27F43D4818E99C31003E8422 /* AmazonMD5Util.m */ = {isa = PBXFileReference; fileEncoding = 4; lastKnownFileType = sourcecode.c.objc; path = AmazonMD5Util.m; sourceTree = "<group>"; };
		5F1D517F9EA361A799566573 /* Pods-ios.release.xcconfig */ = {isa = PBXFileReference; includeInIndex = 1; lastKnownFileType = text.xcconfig; name = "Pods-ios.release.xcconfig"; path = "Pods/Target Support Files/Pods-ios/Pods-ios.release.xcconfig"; sourceTree = "<group>"; };
		635BE7F70A3A4DFFA9455CDC /* libPods.a */ = {isa = PBXFileReference; explicitFileType = archive.ar; includeInIndex = 0; path = libPods.a; sourceTree = BUILT_PRODUCTS_DIR; };
		8E82CAB01A83C3670046DA9D /* schema6to7upgrade.touchdb */ = {isa = PBXFileReference; lastKnownFileType = file; name = schema6to7upgrade.touchdb; path = Assets/schema6to7upgrade.touchdb; sourceTree = "<group>"; };
		985A188619D2CC54000283E9 /* CDTDatastoreEvents.m */ = {isa = PBXFileReference; fileEncoding = 4; lastKnownFileType = sourcecode.c.objc; name = CDTDatastoreEvents.m; path = Events/CDTDatastoreEvents.m; sourceTree = "<group>"; };
		985A188919D2CCEB000283E9 /* DatastoreConflicts.m */ = {isa = PBXFileReference; fileEncoding = 4; lastKnownFileType = sourcecode.c.objc; path = DatastoreConflicts.m; sourceTree = "<group>"; };
		985F84D3198BD3A4004D8713 /* AttachmentCRUD.m */ = {isa = PBXFileReference; fileEncoding = 4; lastKnownFileType = sourcecode.c.objc; name = AttachmentCRUD.m; path = Attachments/AttachmentCRUD.m; sourceTree = "<group>"; };
		985FEFFD19CC597400EA5392 /* IndexManagerTests.h */ = {isa = PBXFileReference; fileEncoding = 4; lastKnownFileType = sourcecode.c.h; path = IndexManagerTests.h; sourceTree = "<group>"; };
		985FEFFE19CC597400EA5392 /* IndexManagerTests.m */ = {isa = PBXFileReference; fileEncoding = 4; lastKnownFileType = sourcecode.c.objc; path = IndexManagerTests.m; sourceTree = "<group>"; };
		989E6E21198799AE00FB8510 /* DatastoreCRUD.m */ = {isa = PBXFileReference; fileEncoding = 4; lastKnownFileType = sourcecode.c.objc; path = DatastoreCRUD.m; sourceTree = "<group>"; };
		98BB73FE19E5927600C57866 /* CloudantTests.h */ = {isa = PBXFileReference; fileEncoding = 4; lastKnownFileType = sourcecode.c.h; path = CloudantTests.h; sourceTree = "<group>"; };
		98BB73FF19E5927600C57866 /* CloudantTests.m */ = {isa = PBXFileReference; fileEncoding = 4; lastKnownFileType = sourcecode.c.objc; path = CloudantTests.m; sourceTree = "<group>"; };
		98DDEB9E1A41CD3400767178 /* DatastoreManagerTests.m */ = {isa = PBXFileReference; fileEncoding = 4; lastKnownFileType = sourcecode.c.objc; path = DatastoreManagerTests.m; sourceTree = "<group>"; };
		9985C74819AE5D8300636AB6 /* CDTQueryBuilderTests.m */ = {isa = PBXFileReference; fileEncoding = 4; lastKnownFileType = sourcecode.c.objc; path = CDTQueryBuilderTests.m; sourceTree = "<group>"; };
		9A7D07FED5506284BDC1ACC8 /* Pods-osx.debug.xcconfig */ = {isa = PBXFileReference; includeInIndex = 1; lastKnownFileType = text.xcconfig; name = "Pods-osx.debug.xcconfig"; path = "Pods/Target Support Files/Pods-osx/Pods-osx.debug.xcconfig"; sourceTree = "<group>"; };
		9E965C9FF72A8429FFFF4E1F /* Pods-ios.debug.xcconfig */ = {isa = PBXFileReference; includeInIndex = 1; lastKnownFileType = text.xcconfig; name = "Pods-ios.debug.xcconfig"; path = "Pods/Target Support Files/Pods-ios/Pods-ios.debug.xcconfig"; sourceTree = "<group>"; };
		9F0D23E818888C6C00D3D04E /* Foundation.framework */ = {isa = PBXFileReference; lastKnownFileType = wrapper.framework; name = Foundation.framework; path = System/Library/Frameworks/Foundation.framework; sourceTree = SDKROOT; };
		9F0D23F0188B4FA900D3D04E /* TDMultipartReaderTests.m */ = {isa = PBXFileReference; fileEncoding = 4; lastKnownFileType = sourcecode.c.objc; path = TDMultipartReaderTests.m; sourceTree = "<group>"; };
		9F0D23F3188B4FFF00D3D04E /* TDMultipartWriterTests.m */ = {isa = PBXFileReference; fileEncoding = 4; lastKnownFileType = sourcecode.c.objc; path = TDMultipartWriterTests.m; sourceTree = "<group>"; };
		9F0D23F6188DF30D00D3D04E /* TDMultiStreamWriterTests.m */ = {isa = PBXFileReference; fileEncoding = 4; lastKnownFileType = sourcecode.c.objc; path = TDMultiStreamWriterTests.m; sourceTree = "<group>"; };
		9F0D23F9188DF36800D3D04E /* TD_DatabaseTests.m */ = {isa = PBXFileReference; fileEncoding = 4; lastKnownFileType = sourcecode.c.objc; path = TD_DatabaseTests.m; sourceTree = "<group>"; };
		9F0D23FE188DF96600D3D04E /* TD_DatabaseManagerTests.m */ = {isa = PBXFileReference; fileEncoding = 4; lastKnownFileType = sourcecode.c.objc; path = TD_DatabaseManagerTests.m; sourceTree = "<group>"; };
		9F0D2401188DFE8600D3D04E /* TD_RevisionTests.m */ = {isa = PBXFileReference; fileEncoding = 4; lastKnownFileType = sourcecode.c.objc; path = TD_RevisionTests.m; sourceTree = "<group>"; };
		9F0D2407188E378700D3D04E /* TDCanonicalJSONTests.m */ = {isa = PBXFileReference; fileEncoding = 4; lastKnownFileType = sourcecode.c.objc; path = TDCanonicalJSONTests.m; sourceTree = "<group>"; };
		9F0D240A188E3C3A00D3D04E /* TDCollateJSONTests.m */ = {isa = PBXFileReference; fileEncoding = 4; lastKnownFileType = sourcecode.c.objc; path = TDCollateJSONTests.m; sourceTree = "<group>"; };
		9F0D240D188F01DD00D3D04E /* TDMiscTests.m */ = {isa = PBXFileReference; fileEncoding = 4; lastKnownFileType = sourcecode.c.objc; path = TDMiscTests.m; sourceTree = "<group>"; };
		9F0D24101890AD0C00D3D04E /* TDMultipartDownloaderTests.m */ = {isa = PBXFileReference; fileEncoding = 4; lastKnownFileType = sourcecode.c.objc; path = TDMultipartDownloaderTests.m; sourceTree = "<group>"; };
		9F0D24131892E9B800D3D04E /* TDPusherTests.m */ = {isa = PBXFileReference; fileEncoding = 4; lastKnownFileType = sourcecode.c.objc; path = TDPusherTests.m; sourceTree = "<group>"; };
		9F0D24161893161000D3D04E /* TDReachabilityTests.m */ = {isa = PBXFileReference; fileEncoding = 4; lastKnownFileType = sourcecode.c.objc; path = TDReachabilityTests.m; sourceTree = "<group>"; };
		9F0D241918932DA700D3D04E /* TDSequenceMapTests.m */ = {isa = PBXFileReference; fileEncoding = 4; lastKnownFileType = sourcecode.c.objc; path = TDSequenceMapTests.m; sourceTree = "<group>"; };
		9F4E646919DC815B00FE37E1 /* CDTReplicationTests.m */ = {isa = PBXFileReference; fileEncoding = 4; lastKnownFileType = sourcecode.c.objc; path = CDTReplicationTests.m; sourceTree = "<group>"; };
		9F4E646A19DC815B00FE37E1 /* SetUpDatastore.m */ = {isa = PBXFileReference; fileEncoding = 4; lastKnownFileType = sourcecode.c.objc; path = SetUpDatastore.m; sourceTree = "<group>"; };
		9F95D60E18CF6A580006D349 /* DBQueryUtils.h */ = {isa = PBXFileReference; fileEncoding = 4; lastKnownFileType = sourcecode.c.h; path = DBQueryUtils.h; sourceTree = "<group>"; };
		9F95D60F18CF6A580006D349 /* DBQueryUtils.m */ = {isa = PBXFileReference; fileEncoding = 4; lastKnownFileType = sourcecode.c.objc; path = DBQueryUtils.m; sourceTree = "<group>"; };
		9FC082961913378F0024EA1E /* DatastoreConflictResolvers.h */ = {isa = PBXFileReference; fileEncoding = 4; lastKnownFileType = sourcecode.c.h; path = DatastoreConflictResolvers.h; sourceTree = "<group>"; };
		9FC082971913378F0024EA1E /* DatastoreConflictResolvers.m */ = {isa = PBXFileReference; fileEncoding = 4; lastKnownFileType = sourcecode.c.objc; path = DatastoreConflictResolvers.m; sourceTree = "<group>"; };
		BBD8D50209E84CD981F3FA7A /* libPods-osx.a */ = {isa = PBXFileReference; explicitFileType = archive.ar; includeInIndex = 0; path = "libPods-osx.a"; sourceTree = BUILT_PRODUCTS_DIR; };
		C0D0295E40984E2788387EEE /* libPods-ios.a */ = {isa = PBXFileReference; explicitFileType = archive.ar; includeInIndex = 0; path = "libPods-ios.a"; sourceTree = BUILT_PRODUCTS_DIR; };
		EC0C831F1AB217290051042F /* CDTDatastoreQueryTests.m */ = {isa = PBXFileReference; fileEncoding = 4; lastKnownFileType = sourcecode.c.objc; path = CDTDatastoreQueryTests.m; sourceTree = "<group>"; };
		EC0C83201AB217290051042F /* CDTQFilterFieldsTest.m */ = {isa = PBXFileReference; fileEncoding = 4; lastKnownFileType = sourcecode.c.objc; path = CDTQFilterFieldsTest.m; sourceTree = "<group>"; };
		EC0C83211AB217290051042F /* CDTQIndexCreatorTests.m */ = {isa = PBXFileReference; fileEncoding = 4; lastKnownFileType = sourcecode.c.objc; path = CDTQIndexCreatorTests.m; sourceTree = "<group>"; };
		EC0C83221AB217290051042F /* CDTQIndexManagerTests.m */ = {isa = PBXFileReference; fileEncoding = 4; lastKnownFileType = sourcecode.c.objc; path = CDTQIndexManagerTests.m; sourceTree = "<group>"; };
		EC0C83231AB217290051042F /* CDTQIndexUpdaterTests.m */ = {isa = PBXFileReference; fileEncoding = 4; lastKnownFileType = sourcecode.c.objc; path = CDTQIndexUpdaterTests.m; sourceTree = "<group>"; };
		EC0C83241AB217290051042F /* CDTQInvalidQuerySyntax.m */ = {isa = PBXFileReference; fileEncoding = 4; lastKnownFileType = sourcecode.c.objc; path = CDTQInvalidQuerySyntax.m; sourceTree = "<group>"; };
		EC0C83251AB217290051042F /* CDTQPerformanceTests.m */ = {isa = PBXFileReference; fileEncoding = 4; lastKnownFileType = sourcecode.c.objc; path = CDTQPerformanceTests.m; sourceTree = "<group>"; };
		EC0C83261AB217290051042F /* CDTQQueryExecutorTests.m */ = {isa = PBXFileReference; fileEncoding = 4; lastKnownFileType = sourcecode.c.objc; path = CDTQQueryExecutorTests.m; sourceTree = "<group>"; };
		EC0C83271AB217290051042F /* CDTQQuerySortTests.m */ = {isa = PBXFileReference; fileEncoding = 4; lastKnownFileType = sourcecode.c.objc; path = CDTQQuerySortTests.m; sourceTree = "<group>"; };
		EC0C83281AB217290051042F /* CDTQQuerySqlTranslatorTests.m */ = {isa = PBXFileReference; fileEncoding = 4; lastKnownFileType = sourcecode.c.objc; path = CDTQQuerySqlTranslatorTests.m; sourceTree = "<group>"; };
		EC0C83291AB217290051042F /* CDTQUnindexedMatcherTests.m */ = {isa = PBXFileReference; fileEncoding = 4; lastKnownFileType = sourcecode.c.objc; path = CDTQUnindexedMatcherTests.m; sourceTree = "<group>"; };
		EC0C832A1AB217290051042F /* CDTQValueExtractorTests.m */ = {isa = PBXFileReference; fileEncoding = 4; lastKnownFileType = sourcecode.c.objc; path = CDTQValueExtractorTests.m; sourceTree = "<group>"; };
		EC0C832C1AB217290051042F /* CDTQContainsAllElementsMatcher.h */ = {isa = PBXFileReference; fileEncoding = 4; lastKnownFileType = sourcecode.c.h; path = CDTQContainsAllElementsMatcher.h; sourceTree = "<group>"; };
		EC0C832D1AB217290051042F /* CDTQContainsAllElementsMatcher.m */ = {isa = PBXFileReference; fileEncoding = 4; lastKnownFileType = sourcecode.c.objc; path = CDTQContainsAllElementsMatcher.m; sourceTree = "<group>"; };
		EC0C832E1AB217290051042F /* CDTQEitherMatcher.h */ = {isa = PBXFileReference; fileEncoding = 4; lastKnownFileType = sourcecode.c.h; path = CDTQEitherMatcher.h; sourceTree = "<group>"; };
		EC0C832F1AB217290051042F /* CDTQEitherMatcher.m */ = {isa = PBXFileReference; fileEncoding = 4; lastKnownFileType = sourcecode.c.objc; path = CDTQEitherMatcher.m; sourceTree = "<group>"; };
		EC0C83301AB217290051042F /* CDTQQueryMatcher.h */ = {isa = PBXFileReference; fileEncoding = 4; lastKnownFileType = sourcecode.c.h; path = CDTQQueryMatcher.h; sourceTree = "<group>"; };
		EC0C83311AB217290051042F /* CDTQQueryMatcher.m */ = {isa = PBXFileReference; fileEncoding = 4; lastKnownFileType = sourcecode.c.objc; path = CDTQQueryMatcher.m; sourceTree = "<group>"; };
		EC0C83331AB217290051042F /* CDTQMatcherIndexManager.h */ = {isa = PBXFileReference; fileEncoding = 4; lastKnownFileType = sourcecode.c.h; path = CDTQMatcherIndexManager.h; sourceTree = "<group>"; };
		EC0C83341AB217290051042F /* CDTQMatcherIndexManager.m */ = {isa = PBXFileReference; fileEncoding = 4; lastKnownFileType = sourcecode.c.objc; path = CDTQMatcherIndexManager.m; sourceTree = "<group>"; };
		EC0C83351AB217290051042F /* CDTQMatcherQueryExecutor.h */ = {isa = PBXFileReference; fileEncoding = 4; lastKnownFileType = sourcecode.c.h; path = CDTQMatcherQueryExecutor.h; sourceTree = "<group>"; };
		EC0C83361AB217290051042F /* CDTQMatcherQueryExecutor.m */ = {isa = PBXFileReference; fileEncoding = 4; lastKnownFileType = sourcecode.c.objc; path = CDTQMatcherQueryExecutor.m; sourceTree = "<group>"; };
		EC0C83371AB217290051042F /* CDTQSQLOnlyIndexManager.h */ = {isa = PBXFileReference; fileEncoding = 4; lastKnownFileType = sourcecode.c.h; path = CDTQSQLOnlyIndexManager.h; sourceTree = "<group>"; };
		EC0C83381AB217290051042F /* CDTQSQLOnlyIndexManager.m */ = {isa = PBXFileReference; fileEncoding = 4; lastKnownFileType = sourcecode.c.objc; path = CDTQSQLOnlyIndexManager.m; sourceTree = "<group>"; };
		EC0C83391AB217290051042F /* CDTQSQLOnlyQueryExecutor.h */ = {isa = PBXFileReference; fileEncoding = 4; lastKnownFileType = sourcecode.c.h; path = CDTQSQLOnlyQueryExecutor.h; sourceTree = "<group>"; };
		EC0C833A1AB217290051042F /* CDTQSQLOnlyQueryExecutor.m */ = {isa = PBXFileReference; fileEncoding = 4; lastKnownFileType = sourcecode.c.objc; path = CDTQSQLOnlyQueryExecutor.m; sourceTree = "<group>"; };
		EC0C833B1AB217290051042F /* Tests.m */ = {isa = PBXFileReference; fileEncoding = 4; lastKnownFileType = sourcecode.c.objc; path = Tests.m; sourceTree = "<group>"; };
		CD00CBBD1AC7703800C3F2D5 /* emptyencryptedindex.sqlite */ = {isa = PBXFileReference; lastKnownFileType = file; name = emptyencryptedindex.sqlite; path = Assets/emptyencryptedindex.sqlite; sourceTree = "<group>"; };
		CD0D10EB1AB09CE8003315B5 /* TD_DatabaseDeletionTests.m */ = {isa = PBXFileReference; fileEncoding = 4; lastKnownFileType = sourcecode.c.objc; path = TD_DatabaseDeletionTests.m; sourceTree = "<group>"; };
		CD3FBCA21AB05A170032376E /* CDTHelperFixedKeyProvider.h */ = {isa = PBXFileReference; fileEncoding = 4; lastKnownFileType = sourcecode.c.h; path = CDTHelperFixedKeyProvider.h; sourceTree = "<group>"; };
		CD3FBCA31AB05A170032376E /* CDTHelperFixedKeyProvider.m */ = {isa = PBXFileReference; fileEncoding = 4; lastKnownFileType = sourcecode.c.objc; path = CDTHelperFixedKeyProvider.m; sourceTree = "<group>"; };
		CD3FBCA41AB05A170032376E /* CDTHelperOneUseKeyProvider.h */ = {isa = PBXFileReference; fileEncoding = 4; lastKnownFileType = sourcecode.c.h; path = CDTHelperOneUseKeyProvider.h; sourceTree = "<group>"; };
		CD3FBCA51AB05A170032376E /* CDTHelperOneUseKeyProvider.m */ = {isa = PBXFileReference; fileEncoding = 4; lastKnownFileType = sourcecode.c.objc; path = CDTHelperOneUseKeyProvider.m; sourceTree = "<group>"; };
		CD7110401AB6282500558645 /* DatastoreEncryptionTests.m */ = {isa = PBXFileReference; fileEncoding = 4; lastKnownFileType = sourcecode.c.objc; path = DatastoreEncryptionTests.m; sourceTree = "<group>"; };
		CD7110411AB6282500558645 /* DatastoreManagerEncryptionTests.m */ = {isa = PBXFileReference; fileEncoding = 4; lastKnownFileType = sourcecode.c.objc; path = DatastoreManagerEncryptionTests.m; sourceTree = "<group>"; };
		CD79FFDF1A9B3E0F00F5B5C5 /* IndexManagerEncryptionTests.m */ = {isa = PBXFileReference; fileEncoding = 4; lastKnownFileType = sourcecode.c.objc; path = IndexManagerEncryptionTests.m; sourceTree = "<group>"; };
		CD94A6FD1AB8A24C006C8343 /* emptyencrypteddb.touchdb */ = {isa = PBXFileReference; lastKnownFileType = file; name = emptyencrypteddb.touchdb; path = Assets/emptyencrypteddb.touchdb; sourceTree = "<group>"; };
		CDE860361A97AF2B00828AC4 /* TD_DatabaseEncryptionTests.m */ = {isa = PBXFileReference; fileEncoding = 4; lastKnownFileType = sourcecode.c.objc; path = TD_DatabaseEncryptionTests.m; sourceTree = "<group>"; };
		CDEE6ECF1AAF3C17002C96C0 /* CloudantTests+EncryptionTests.h */ = {isa = PBXFileReference; fileEncoding = 4; lastKnownFileType = sourcecode.c.h; path = "CloudantTests+EncryptionTests.h"; sourceTree = "<group>"; };
		CDEE6ED01AAF3C17002C96C0 /* CloudantTests+EncryptionTests.m */ = {isa = PBXFileReference; fileEncoding = 4; lastKnownFileType = sourcecode.c.objc; path = "CloudantTests+EncryptionTests.m"; sourceTree = "<group>"; };
/* End PBXFileReference section */

/* Begin PBXFrameworksBuildPhase section */
		27389E09185345FD0027A404 /* Frameworks */ = {
			isa = PBXFrameworksBuildPhase;
			buildActionMask = 2147483647;
			files = (
				27389E14185345FD0027A404 /* UIKit.framework in Frameworks */,
				27389E12185345FD0027A404 /* Foundation.framework in Frameworks */,
				640AB8661E6344B98E64E18E /* libPods-ios.a in Frameworks */,
			);
			runOnlyForDeploymentPostprocessing = 0;
		};
		27CCEDC3187AD64F006F3C66 /* Frameworks */ = {
			isa = PBXFrameworksBuildPhase;
			buildActionMask = 2147483647;
			files = (
				9F0D23E918888C6C00D3D04E /* Foundation.framework in Frameworks */,
				009D4E71AED34A54853B7F51 /* libPods-osx.a in Frameworks */,
			);
			runOnlyForDeploymentPostprocessing = 0;
		};
/* End PBXFrameworksBuildPhase section */

/* Begin PBXGroup section */
		27389E01185345DA0027A404 = {
			isa = PBXGroup;
			children = (
				27D96E3A18E1E0B500DEA006 /* Assets */,
				27389E15185345FD0027A404 /* Tests */,
				27CCEDC8187AD64F006F3C66 /* Tests OSX */,
				27389E0E185345FD0027A404 /* Frameworks */,
				27389E0D185345FD0027A404 /* Products */,
				6774D9B5AE9A96CD5CB62909 /* Pods */,
			);
			sourceTree = "<group>";
		};
		27389E0D185345FD0027A404 /* Products */ = {
			isa = PBXGroup;
			children = (
				27389E0C185345FD0027A404 /* Tests.xctest */,
				27CCEDC6187AD64F006F3C66 /* Tests OSX.xctest */,
			);
			name = Products;
			sourceTree = "<group>";
		};
		27389E0E185345FD0027A404 /* Frameworks */ = {
			isa = PBXGroup;
			children = (
				9F0D23E818888C6C00D3D04E /* Foundation.framework */,
				27389E11185345FD0027A404 /* Foundation.framework */,
				27389E13185345FD0027A404 /* UIKit.framework */,
				635BE7F70A3A4DFFA9455CDC /* libPods.a */,
				C0D0295E40984E2788387EEE /* libPods-ios.a */,
				BBD8D50209E84CD981F3FA7A /* libPods-osx.a */,
			);
			name = Frameworks;
			sourceTree = "<group>";
		};
		27389E15185345FD0027A404 /* Tests */ = {
			isa = PBXGroup;
			children = (
				CD3FBCA11AB05A170032376E /* Helpers */,
				EC0C831F1AB217290051042F /* CDTDatastoreQueryTests.m */,
				EC0C83201AB217290051042F /* CDTQFilterFieldsTest.m */,
				EC0C83211AB217290051042F /* CDTQIndexCreatorTests.m */,
				EC0C83221AB217290051042F /* CDTQIndexManagerTests.m */,
				EC0C83231AB217290051042F /* CDTQIndexUpdaterTests.m */,
				EC0C83241AB217290051042F /* CDTQInvalidQuerySyntax.m */,
				EC0C83251AB217290051042F /* CDTQPerformanceTests.m */,
				EC0C83261AB217290051042F /* CDTQQueryExecutorTests.m */,
				EC0C83271AB217290051042F /* CDTQQuerySortTests.m */,
				EC0C83281AB217290051042F /* CDTQQuerySqlTranslatorTests.m */,
				EC0C83291AB217290051042F /* CDTQUnindexedMatcherTests.m */,
				EC0C832A1AB217290051042F /* CDTQValueExtractorTests.m */,
				EC0C832B1AB217290051042F /* Matchers */,
				EC0C83321AB217290051042F /* Mocks */,
				EC0C833B1AB217290051042F /* Tests.m */,
				98BB73FE19E5927600C57866 /* CloudantTests.h */,
				98BB73FF19E5927600C57866 /* CloudantTests.m */,
				CDEE6ECF1AAF3C17002C96C0 /* CloudantTests+EncryptionTests.h */,
				CDEE6ED01AAF3C17002C96C0 /* CloudantTests+EncryptionTests.m */,
				98DDEB9E1A41CD3400767178 /* DatastoreManagerTests.m */,
				27D96E3318E0996C00DEA006 /* Attachments */,
				9985C74819AE5D8300636AB6 /* CDTQueryBuilderTests.m */,
				27389E2D18534E050027A404 /* CloudantSyncTests.h */,
				27389E2E18534E050027A404 /* CloudantSyncTests.m */,
				27389E3018534E050027A404 /* DatastoreActions.m */,
				9FC082961913378F0024EA1E /* DatastoreConflictResolvers.h */,
				985A188919D2CCEB000283E9 /* DatastoreConflicts.m */,
				9FC082971913378F0024EA1E /* DatastoreConflictResolvers.m */,
				CD7110401AB6282500558645 /* DatastoreEncryptionTests.m */,
				CD7110411AB6282500558645 /* DatastoreManagerEncryptionTests.m */,
				CD79FFDF1A9B3E0F00F5B5C5 /* IndexManagerEncryptionTests.m */,
				985FEFFD19CC597400EA5392 /* IndexManagerTests.h */,
				985FEFFE19CC597400EA5392 /* IndexManagerTests.m */,
				989E6E21198799AE00FB8510 /* DatastoreCRUD.m */,
				9F95D60E18CF6A580006D349 /* DBQueryUtils.h */,
				9F95D60F18CF6A580006D349 /* DBQueryUtils.m */,
				9F4E646919DC815B00FE37E1 /* CDTReplicationTests.m */,
				9F4E646A19DC815B00FE37E1 /* SetUpDatastore.m */,
				27ACD1EC193DDDCC00658EC2 /* Events */,
				27F43D4618E99C31003E8422 /* osx-aws-toolkit */,
				27389E16185345FD0027A404 /* Supporting Files */,
				CD0D10EB1AB09CE8003315B5 /* TD_DatabaseDeletionTests.m */,
				9F0D23FE188DF96600D3D04E /* TD_DatabaseManagerTests.m */,
				9F0D23F9188DF36800D3D04E /* TD_DatabaseTests.m */,
				CDE860361A97AF2B00828AC4 /* TD_DatabaseEncryptionTests.m */,
				9F0D2401188DFE8600D3D04E /* TD_RevisionTests.m */,
				9F0D2407188E378700D3D04E /* TDCanonicalJSONTests.m */,
				9F0D240A188E3C3A00D3D04E /* TDCollateJSONTests.m */,
				9F0D240D188F01DD00D3D04E /* TDMiscTests.m */,
				9F0D24101890AD0C00D3D04E /* TDMultipartDownloaderTests.m */,
				9F0D23F0188B4FA900D3D04E /* TDMultipartReaderTests.m */,
				9F0D23F3188B4FFF00D3D04E /* TDMultipartWriterTests.m */,
				9F0D23F6188DF30D00D3D04E /* TDMultiStreamWriterTests.m */,
				9F0D24131892E9B800D3D04E /* TDPusherTests.m */,
				9F0D24161893161000D3D04E /* TDReachabilityTests.m */,
				9F0D241918932DA700D3D04E /* TDSequenceMapTests.m */,
			);
			path = Tests;
			sourceTree = "<group>";
		};
		27389E16185345FD0027A404 /* Supporting Files */ = {
			isa = PBXGroup;
			children = (
				27389E17185345FD0027A404 /* Tests-Info.plist */,
				27389E18185345FD0027A404 /* InfoPlist.strings */,
				27389E1D185345FD0027A404 /* Tests-Prefix.pch */,
			);
			name = "Supporting Files";
			sourceTree = "<group>";
		};
		27ACD1EC193DDDCC00658EC2 /* Events */ = {
			isa = PBXGroup;
			children = (
				985A188619D2CC54000283E9 /* CDTDatastoreEvents.m */,
			);
			name = Events;
			sourceTree = "<group>";
		};
		27CCEDC8187AD64F006F3C66 /* Tests OSX */ = {
			isa = PBXGroup;
			children = (
				27CCEDCE187AD64F006F3C66 /* Tests_OSX.m */,
				27CCEDC9187AD64F006F3C66 /* Supporting Files */,
			);
			path = "Tests OSX";
			sourceTree = "<group>";
		};
		27CCEDC9187AD64F006F3C66 /* Supporting Files */ = {
			isa = PBXGroup;
			children = (
				27CCEDCA187AD64F006F3C66 /* Tests OSX-Info.plist */,
				27CCEDCB187AD64F006F3C66 /* InfoPlist.strings */,
				27CCEDD0187AD64F006F3C66 /* Tests OSX-Prefix.pch */,
			);
			name = "Supporting Files";
			sourceTree = "<group>";
		};
		27D96E3318E0996C00DEA006 /* Attachments */ = {
			isa = PBXGroup;
			children = (
				985F84D3198BD3A4004D8713 /* AttachmentCRUD.m */,
			);
			name = Attachments;
			sourceTree = "<group>";
		};
		27D96E3A18E1E0B500DEA006 /* Assets */ = {
			isa = PBXGroup;
			children = (
				27651C6319001B54006FEF7F /* bonsai-boston.jpg */,
				CD94A6FD1AB8A24C006C8343 /* emptyencrypteddb.touchdb */,
				CD00CBBD1AC7703800C3F2D5 /* emptyencryptedindex.sqlite */,
				27D96E4218E1E0D400DEA006 /* lorem.txt */,
				8E82CAB01A83C3670046DA9D /* schema6to7upgrade.touchdb */,
			);
			name = Assets;
			sourceTree = "<group>";
		};
		27F43D4618E99C31003E8422 /* osx-aws-toolkit */ = {
			isa = PBXGroup;
			children = (
				27F43D4718E99C31003E8422 /* AmazonMD5Util.h */,
				27F43D4818E99C31003E8422 /* AmazonMD5Util.m */,
			);
			path = "osx-aws-toolkit";
			sourceTree = "<group>";
		};
		6774D9B5AE9A96CD5CB62909 /* Pods */ = {
			isa = PBXGroup;
			children = (
				9E965C9FF72A8429FFFF4E1F /* Pods-ios.debug.xcconfig */,
				5F1D517F9EA361A799566573 /* Pods-ios.release.xcconfig */,
				9A7D07FED5506284BDC1ACC8 /* Pods-osx.debug.xcconfig */,
				03034DD60492427AC73C43CD /* Pods-osx.release.xcconfig */,
			);
			name = Pods;
			sourceTree = "<group>";
		};
		CD3FBCA11AB05A170032376E /* Helpers */ = {
			isa = PBXGroup;
			children = (
				CD3FBCA21AB05A170032376E /* CDTHelperFixedKeyProvider.h */,
				CD3FBCA31AB05A170032376E /* CDTHelperFixedKeyProvider.m */,
				CD3FBCA41AB05A170032376E /* CDTHelperOneUseKeyProvider.h */,
				CD3FBCA51AB05A170032376E /* CDTHelperOneUseKeyProvider.m */,
			);
			path = Helpers;
			sourceTree = "<group>";
		};
		EC0C832B1AB217290051042F /* Matchers */ = {
			isa = PBXGroup;
			children = (
				EC0C832C1AB217290051042F /* CDTQContainsAllElementsMatcher.h */,
				EC0C832D1AB217290051042F /* CDTQContainsAllElementsMatcher.m */,
				EC0C832E1AB217290051042F /* CDTQEitherMatcher.h */,
				EC0C832F1AB217290051042F /* CDTQEitherMatcher.m */,
				EC0C83301AB217290051042F /* CDTQQueryMatcher.h */,
				EC0C83311AB217290051042F /* CDTQQueryMatcher.m */,
			);
			path = Matchers;
			sourceTree = "<group>";
		};
		EC0C83321AB217290051042F /* Mocks */ = {
			isa = PBXGroup;
			children = (
				EC0C83331AB217290051042F /* CDTQMatcherIndexManager.h */,
				EC0C83341AB217290051042F /* CDTQMatcherIndexManager.m */,
				EC0C83351AB217290051042F /* CDTQMatcherQueryExecutor.h */,
				EC0C83361AB217290051042F /* CDTQMatcherQueryExecutor.m */,
				EC0C83371AB217290051042F /* CDTQSQLOnlyIndexManager.h */,
				EC0C83381AB217290051042F /* CDTQSQLOnlyIndexManager.m */,
				EC0C83391AB217290051042F /* CDTQSQLOnlyQueryExecutor.h */,
				EC0C833A1AB217290051042F /* CDTQSQLOnlyQueryExecutor.m */,
			);
			path = Mocks;
			sourceTree = "<group>";
		};
/* End PBXGroup section */

/* Begin PBXNativeTarget section */
		27389E0B185345FD0027A404 /* Tests */ = {
			isa = PBXNativeTarget;
			buildConfigurationList = 27389E1E185345FD0027A404 /* Build configuration list for PBXNativeTarget "Tests" */;
			buildPhases = (
				095CA0EFFBC84C0EB3464C5A /* Check Pods Manifest.lock */,
				27389E08185345FD0027A404 /* Sources */,
				27389E09185345FD0027A404 /* Frameworks */,
				27389E0A185345FD0027A404 /* Resources */,
				08B95EDB86F54BC99DEF0C13 /* Copy Pods Resources */,
			);
			buildRules = (
			);
			dependencies = (
			);
			name = Tests;
			productName = Tests;
			productReference = 27389E0C185345FD0027A404 /* Tests.xctest */;
			productType = "com.apple.product-type.bundle.unit-test";
		};
		27CCEDC5187AD64F006F3C66 /* Tests OSX */ = {
			isa = PBXNativeTarget;
			buildConfigurationList = 27CCEDD3187AD64F006F3C66 /* Build configuration list for PBXNativeTarget "Tests OSX" */;
			buildPhases = (
				708AFFBE12E945969103B2AF /* Check Pods Manifest.lock */,
				27CCEDC2187AD64F006F3C66 /* Sources */,
				27CCEDC3187AD64F006F3C66 /* Frameworks */,
				27CCEDC4187AD64F006F3C66 /* Resources */,
				E63BC4B0310E42E0AC6C6072 /* Copy Pods Resources */,
			);
			buildRules = (
			);
			dependencies = (
			);
			name = "Tests OSX";
			productName = "Tests OSX";
			productReference = 27CCEDC6187AD64F006F3C66 /* Tests OSX.xctest */;
			productType = "com.apple.product-type.bundle.unit-test";
		};
/* End PBXNativeTarget section */

/* Begin PBXProject section */
		27389E02185345DA0027A404 /* Project object */ = {
			isa = PBXProject;
			attributes = {
				LastTestingUpgradeCheck = 0510;
				LastUpgradeCheck = 0500;
				TargetAttributes = {
					27CCEDC5187AD64F006F3C66 = {
						TestTargetID = 27389E0B185345FD0027A404;
					};
				};
			};
			buildConfigurationList = 27389E05185345DA0027A404 /* Build configuration list for PBXProject "Tests" */;
			compatibilityVersion = "Xcode 3.2";
			developmentRegion = English;
			hasScannedForEncodings = 0;
			knownRegions = (
				en,
			);
			mainGroup = 27389E01185345DA0027A404;
			productRefGroup = 27389E0D185345FD0027A404 /* Products */;
			projectDirPath = "";
			projectRoot = "";
			targets = (
				27389E0B185345FD0027A404 /* Tests */,
				27CCEDC5187AD64F006F3C66 /* Tests OSX */,
			);
		};
/* End PBXProject section */

/* Begin PBXResourcesBuildPhase section */
		27389E0A185345FD0027A404 /* Resources */ = {
			isa = PBXResourcesBuildPhase;
			buildActionMask = 2147483647;
			files = (
				CD94A6FE1AB8A24C006C8343 /* emptyencrypteddb.touchdb in Resources */,
				27D96E4418E1E0D400DEA006 /* lorem.txt in Resources */,
				8E82CAB11A83C3700046DA9D /* schema6to7upgrade.touchdb in Resources */,
				CD00CBBE1AC7703800C3F2D5 /* emptyencryptedindex.sqlite in Resources */,
				27389E1A185345FD0027A404 /* InfoPlist.strings in Resources */,
				27651C6419001B54006FEF7F /* bonsai-boston.jpg in Resources */,
			);
			runOnlyForDeploymentPostprocessing = 0;
		};
		27CCEDC4187AD64F006F3C66 /* Resources */ = {
			isa = PBXResourcesBuildPhase;
			buildActionMask = 2147483647;
			files = (
				CD94A6FF1AB8A24C006C8343 /* emptyencrypteddb.touchdb in Resources */,
				27D96E4518E1E0D400DEA006 /* lorem.txt in Resources */,
				8E82CAB21A83C3700046DA9D /* schema6to7upgrade.touchdb in Resources */,
				CD00CBBF1AC7703800C3F2D5 /* emptyencryptedindex.sqlite in Resources */,
				27CCEDCD187AD64F006F3C66 /* InfoPlist.strings in Resources */,
				27651C6519001B54006FEF7F /* bonsai-boston.jpg in Resources */,
			);
			runOnlyForDeploymentPostprocessing = 0;
		};
/* End PBXResourcesBuildPhase section */

/* Begin PBXShellScriptBuildPhase section */
		08B95EDB86F54BC99DEF0C13 /* Copy Pods Resources */ = {
			isa = PBXShellScriptBuildPhase;
			buildActionMask = 2147483647;
			files = (
			);
			inputPaths = (
			);
			name = "Copy Pods Resources";
			outputPaths = (
			);
			runOnlyForDeploymentPostprocessing = 0;
			shellPath = /bin/sh;
			shellScript = "\"${SRCROOT}/Pods/Target Support Files/Pods-ios/Pods-ios-resources.sh\"\n";
			showEnvVarsInLog = 0;
		};
		095CA0EFFBC84C0EB3464C5A /* Check Pods Manifest.lock */ = {
			isa = PBXShellScriptBuildPhase;
			buildActionMask = 2147483647;
			files = (
			);
			inputPaths = (
			);
			name = "Check Pods Manifest.lock";
			outputPaths = (
			);
			runOnlyForDeploymentPostprocessing = 0;
			shellPath = /bin/sh;
			shellScript = "diff \"${PODS_ROOT}/../Podfile.lock\" \"${PODS_ROOT}/Manifest.lock\" > /dev/null\nif [[ $? != 0 ]] ; then\n    cat << EOM\nerror: The sandbox is not in sync with the Podfile.lock. Run 'pod install' or update your CocoaPods installation.\nEOM\n    exit 1\nfi\n";
			showEnvVarsInLog = 0;
		};
		708AFFBE12E945969103B2AF /* Check Pods Manifest.lock */ = {
			isa = PBXShellScriptBuildPhase;
			buildActionMask = 2147483647;
			files = (
			);
			inputPaths = (
			);
			name = "Check Pods Manifest.lock";
			outputPaths = (
			);
			runOnlyForDeploymentPostprocessing = 0;
			shellPath = /bin/sh;
			shellScript = "diff \"${PODS_ROOT}/../Podfile.lock\" \"${PODS_ROOT}/Manifest.lock\" > /dev/null\nif [[ $? != 0 ]] ; then\n    cat << EOM\nerror: The sandbox is not in sync with the Podfile.lock. Run 'pod install' or update your CocoaPods installation.\nEOM\n    exit 1\nfi\n";
			showEnvVarsInLog = 0;
		};
		E63BC4B0310E42E0AC6C6072 /* Copy Pods Resources */ = {
			isa = PBXShellScriptBuildPhase;
			buildActionMask = 2147483647;
			files = (
			);
			inputPaths = (
			);
			name = "Copy Pods Resources";
			outputPaths = (
			);
			runOnlyForDeploymentPostprocessing = 0;
			shellPath = /bin/sh;
			shellScript = "\"${SRCROOT}/Pods/Target Support Files/Pods-osx/Pods-osx-resources.sh\"\n";
			showEnvVarsInLog = 0;
		};
/* End PBXShellScriptBuildPhase section */

/* Begin PBXSourcesBuildPhase section */
		27389E08185345FD0027A404 /* Sources */ = {
			isa = PBXSourcesBuildPhase;
			buildActionMask = 2147483647;
			files = (
				9F0D2408188E378700D3D04E /* TDCanonicalJSONTests.m in Sources */,
				9F0D23F1188B4FA900D3D04E /* TDMultipartReaderTests.m in Sources */,
				9F0D23FF188DF96600D3D04E /* TD_DatabaseManagerTests.m in Sources */,
				EC0C834A1AB217290051042F /* CDTQQueryExecutorTests.m in Sources */,
				EC0C83521AB217290051042F /* CDTQValueExtractorTests.m in Sources */,
				EC0C834C1AB217290051042F /* CDTQQuerySortTests.m in Sources */,
				9F0D240E188F01DD00D3D04E /* TDMiscTests.m in Sources */,
				EC0C835E1AB217290051042F /* CDTQSQLOnlyIndexManager.m in Sources */,
				EC0C83421AB217290051042F /* CDTQIndexManagerTests.m in Sources */,
				9F0D23F7188DF30D00D3D04E /* TDMultiStreamWriterTests.m in Sources */,
				9985C74919AE5D8300636AB6 /* CDTQueryBuilderTests.m in Sources */,
				27389E3618534E050027A404 /* DatastoreActions.m in Sources */,
				27389E3518534E050027A404 /* CloudantSyncTests.m in Sources */,
				9F0D24111890AD0C00D3D04E /* TDMultipartDownloaderTests.m in Sources */,
				27F43D4918E99C31003E8422 /* AmazonMD5Util.m in Sources */,
				EC0C83501AB217290051042F /* CDTQUnindexedMatcherTests.m in Sources */,
				EC0C83481AB217290051042F /* CDTQPerformanceTests.m in Sources */,
				EC0C835C1AB217290051042F /* CDTQMatcherQueryExecutor.m in Sources */,
				989E6E22198799AE00FB8510 /* DatastoreCRUD.m in Sources */,
				CDEE6ED11AAF3C17002C96C0 /* CloudantTests+EncryptionTests.m in Sources */,
				9F0D241A18932DA700D3D04E /* TDSequenceMapTests.m in Sources */,
				9FC082981913378F0024EA1E /* DatastoreConflictResolvers.m in Sources */,
				EC0C83621AB217290051042F /* Tests.m in Sources */,
				9F0D23FA188DF36800D3D04E /* TD_DatabaseTests.m in Sources */,
				EC0C833C1AB217290051042F /* CDTDatastoreQueryTests.m in Sources */,
				985F84D4198BD3A4004D8713 /* AttachmentCRUD.m in Sources */,
				98DDEB9F1A41CD3400767178 /* DatastoreManagerTests.m in Sources */,
				9F4E646B19DC815B00FE37E1 /* CDTReplicationTests.m in Sources */,
				EC0C83461AB217290051042F /* CDTQInvalidQuerySyntax.m in Sources */,
				CD79FFE71A9B478A00F5B5C5 /* IndexManagerEncryptionTests.m in Sources */,
				98BB740019E5927600C57866 /* CloudantTests.m in Sources */,
				9F0D2402188DFE8600D3D04E /* TD_RevisionTests.m in Sources */,
				EC0C833E1AB217290051042F /* CDTQFilterFieldsTest.m in Sources */,
				9F4E646D19DC815B00FE37E1 /* SetUpDatastore.m in Sources */,
				EC0C83541AB217290051042F /* CDTQContainsAllElementsMatcher.m in Sources */,
				985A188A19D2CCEB000283E9 /* DatastoreConflicts.m in Sources */,
				985A188719D2CC54000283E9 /* CDTDatastoreEvents.m in Sources */,
				9F0D240B188E3C3A00D3D04E /* TDCollateJSONTests.m in Sources */,
				EC0C83601AB217290051042F /* CDTQSQLOnlyQueryExecutor.m in Sources */,
				CD3FBCA81AB05A170032376E /* CDTHelperOneUseKeyProvider.m in Sources */,
				9F0D24171893161000D3D04E /* TDReachabilityTests.m in Sources */,
				EC0C834E1AB217290051042F /* CDTQQuerySqlTranslatorTests.m in Sources */,
				EC0C835A1AB217290051042F /* CDTQMatcherIndexManager.m in Sources */,
				EC0C83581AB217290051042F /* CDTQQueryMatcher.m in Sources */,
				EC0C83561AB217290051042F /* CDTQEitherMatcher.m in Sources */,
				985FEFFF19CC597400EA5392 /* IndexManagerTests.m in Sources */,
				EC0C83401AB217290051042F /* CDTQIndexCreatorTests.m in Sources */,
				CD7110441AB6282500558645 /* DatastoreManagerEncryptionTests.m in Sources */,
				9F95D61018CF6A580006D349 /* DBQueryUtils.m in Sources */,
				EC0C83441AB217290051042F /* CDTQIndexUpdaterTests.m in Sources */,
				9F0D23F4188B4FFF00D3D04E /* TDMultipartWriterTests.m in Sources */,
				CD0D10EC1AB09CE8003315B5 /* TD_DatabaseDeletionTests.m in Sources */,
				CDE860371A97AF2B00828AC4 /* TD_DatabaseEncryptionTests.m in Sources */,
				CD7110421AB6282500558645 /* DatastoreEncryptionTests.m in Sources */,
				CD3FBCA61AB05A170032376E /* CDTHelperFixedKeyProvider.m in Sources */,
				9F0D24141892E9B800D3D04E /* TDPusherTests.m in Sources */,
			);
			runOnlyForDeploymentPostprocessing = 0;
		};
		27CCEDC2187AD64F006F3C66 /* Sources */ = {
			isa = PBXSourcesBuildPhase;
			buildActionMask = 2147483647;
			files = (
				270ED44E19D165BB007E08C4 /* CDTQueryBuilderTests.m in Sources */,
				CD79FFE11A9B40FA00F5B5C5 /* IndexManagerEncryptionTests.m in Sources */,
				985F84D5198BDA6D004D8713 /* AttachmentCRUD.m in Sources */,
				9F0D2409188E378700D3D04E /* TDCanonicalJSONTests.m in Sources */,
				EC0C834B1AB217290051042F /* CDTQQueryExecutorTests.m in Sources */,
				EC0C83531AB217290051042F /* CDTQValueExtractorTests.m in Sources */,
				EC0C834D1AB217290051042F /* CDTQQuerySortTests.m in Sources */,
				9F0D23F2188B4FA900D3D04E /* TDMultipartReaderTests.m in Sources */,
				EC0C835F1AB217290051042F /* CDTQSQLOnlyIndexManager.m in Sources */,
				EC0C83431AB217290051042F /* CDTQIndexManagerTests.m in Sources */,
				9F0D2400188DF96600D3D04E /* TD_DatabaseManagerTests.m in Sources */,
				9F0D240F188F01DD00D3D04E /* TDMiscTests.m in Sources */,
				9F0D23F8188DF30D00D3D04E /* TDMultiStreamWriterTests.m in Sources */,
				27CCEDD7187AD719006F3C66 /* DatastoreActions.m in Sources */,
				9F0D24121890AD0C00D3D04E /* TDMultipartDownloaderTests.m in Sources */,
				27F43D4A18E99C31003E8422 /* AmazonMD5Util.m in Sources */,
				EC0C83511AB217290051042F /* CDTQUnindexedMatcherTests.m in Sources */,
				EC0C83491AB217290051042F /* CDTQPerformanceTests.m in Sources */,
				EC0C835D1AB217290051042F /* CDTQMatcherQueryExecutor.m in Sources */,
				CDEE6ED21AAF3C17002C96C0 /* CloudantTests+EncryptionTests.m in Sources */,
				989E6E23198799AE00FB8510 /* DatastoreCRUD.m in Sources */,
				9F0D241B18932DA700D3D04E /* TDSequenceMapTests.m in Sources */,
				9FC082991913378F0024EA1E /* DatastoreConflictResolvers.m in Sources */,
				EC0C83631AB217290051042F /* Tests.m in Sources */,
				9F0D23FB188DF36800D3D04E /* TD_DatabaseTests.m in Sources */,
				EC0C833D1AB217290051042F /* CDTDatastoreQueryTests.m in Sources */,
				9F0D2403188DFE8600D3D04E /* TD_RevisionTests.m in Sources */,
				98DDEBA01A41CD3400767178 /* DatastoreManagerTests.m in Sources */,
				9F4E646C19DC815B00FE37E1 /* CDTReplicationTests.m in Sources */,
				EC0C83471AB217290051042F /* CDTQInvalidQuerySyntax.m in Sources */,
				98BB740119E5927600C57866 /* CloudantTests.m in Sources */,
				985A188B19D2CCEB000283E9 /* DatastoreConflicts.m in Sources */,
				EC0C833F1AB217290051042F /* CDTQFilterFieldsTest.m in Sources */,
				9F4E646E19DC815B00FE37E1 /* SetUpDatastore.m in Sources */,
				EC0C83551AB217290051042F /* CDTQContainsAllElementsMatcher.m in Sources */,
				985A188819D2CC54000283E9 /* CDTDatastoreEvents.m in Sources */,
				9F0D240C188E3C3A00D3D04E /* TDCollateJSONTests.m in Sources */,
				9F0D24181893161000D3D04E /* TDReachabilityTests.m in Sources */,
				EC0C83611AB217290051042F /* CDTQSQLOnlyQueryExecutor.m in Sources */,
				CD3FBCA91AB05A170032376E /* CDTHelperOneUseKeyProvider.m in Sources */,
				985FF00019CC597400EA5392 /* IndexManagerTests.m in Sources */,
				EC0C834F1AB217290051042F /* CDTQQuerySqlTranslatorTests.m in Sources */,
				EC0C835B1AB217290051042F /* CDTQMatcherIndexManager.m in Sources */,
				EC0C83591AB217290051042F /* CDTQQueryMatcher.m in Sources */,
				EC0C83571AB217290051042F /* CDTQEitherMatcher.m in Sources */,
				9F95D61118CF6A580006D349 /* DBQueryUtils.m in Sources */,
				EC0C83411AB217290051042F /* CDTQIndexCreatorTests.m in Sources */,
				CD7110451AB6282500558645 /* DatastoreManagerEncryptionTests.m in Sources */,
				27CCEDD6187AD70C006F3C66 /* CloudantSyncTests.m in Sources */,
				EC0C83451AB217290051042F /* CDTQIndexUpdaterTests.m in Sources */,
				9F0D23F5188B4FFF00D3D04E /* TDMultipartWriterTests.m in Sources */,
				CD0D10ED1AB09CE8003315B5 /* TD_DatabaseDeletionTests.m in Sources */,
				CDE860381A97AF2B00828AC4 /* TD_DatabaseEncryptionTests.m in Sources */,
				CD7110431AB6282500558645 /* DatastoreEncryptionTests.m in Sources */,
				CD3FBCA71AB05A170032376E /* CDTHelperFixedKeyProvider.m in Sources */,
				9F0D24151892E9B800D3D04E /* TDPusherTests.m in Sources */,
			);
			runOnlyForDeploymentPostprocessing = 0;
		};
/* End PBXSourcesBuildPhase section */

/* Begin PBXVariantGroup section */
		27389E18185345FD0027A404 /* InfoPlist.strings */ = {
			isa = PBXVariantGroup;
			children = (
				27389E19185345FD0027A404 /* en */,
			);
			name = InfoPlist.strings;
			sourceTree = "<group>";
		};
		27CCEDCB187AD64F006F3C66 /* InfoPlist.strings */ = {
			isa = PBXVariantGroup;
			children = (
				27CCEDCC187AD64F006F3C66 /* en */,
			);
			name = InfoPlist.strings;
			sourceTree = "<group>";
		};
/* End PBXVariantGroup section */

/* Begin XCBuildConfiguration section */
		27389E06185345DA0027A404 /* Debug */ = {
			isa = XCBuildConfiguration;
			buildSettings = {
				MACOSX_DEPLOYMENT_TARGET = 10.8;
			};
			name = Debug;
		};
		27389E07185345DA0027A404 /* Release */ = {
			isa = XCBuildConfiguration;
			buildSettings = {
				MACOSX_DEPLOYMENT_TARGET = 10.8;
			};
			name = Release;
		};
		27389E1F185345FD0027A404 /* Debug */ = {
			isa = XCBuildConfiguration;
			baseConfigurationReference = 9E965C9FF72A8429FFFF4E1F /* Pods-ios.debug.xcconfig */;
			buildSettings = {
				ALWAYS_SEARCH_USER_PATHS = NO;
				ARCHS = "$(ARCHS_STANDARD_INCLUDING_64_BIT)";
				CLANG_CXX_LANGUAGE_STANDARD = "gnu++0x";
				CLANG_CXX_LIBRARY = "libc++";
				CLANG_ENABLE_MODULES = YES;
				CLANG_ENABLE_OBJC_ARC = YES;
				CLANG_WARN_BOOL_CONVERSION = YES;
				CLANG_WARN_CONSTANT_CONVERSION = YES;
				CLANG_WARN_DIRECT_OBJC_ISA_USAGE = YES_ERROR;
				CLANG_WARN_EMPTY_BODY = YES;
				CLANG_WARN_ENUM_CONVERSION = YES;
				CLANG_WARN_INT_CONVERSION = YES;
				CLANG_WARN_OBJC_ROOT_CLASS = YES_ERROR;
				CLANG_WARN__DUPLICATE_METHOD_MATCH = YES;
				COPY_PHASE_STRIP = NO;
				FRAMEWORK_SEARCH_PATHS = (
					"$(SDKROOT)/Developer/Library/Frameworks",
					"$(inherited)",
					"$(DEVELOPER_FRAMEWORKS_DIR)",
				);
				GCC_C_LANGUAGE_STANDARD = gnu99;
				GCC_DYNAMIC_NO_PIC = NO;
				GCC_OPTIMIZATION_LEVEL = 0;
				GCC_PRECOMPILE_PREFIX_HEADER = YES;
				GCC_PREFIX_HEADER = "Tests/Tests-Prefix.pch";
				GCC_PREPROCESSOR_DEFINITIONS = (
					"DEBUG=1",
					"$(inherited)",
				);
				GCC_SYMBOLS_PRIVATE_EXTERN = NO;
				GCC_WARN_64_TO_32_BIT_CONVERSION = YES;
				GCC_WARN_ABOUT_RETURN_TYPE = YES_ERROR;
				GCC_WARN_UNDECLARED_SELECTOR = YES;
				GCC_WARN_UNINITIALIZED_AUTOS = YES;
				GCC_WARN_UNUSED_FUNCTION = YES;
				GCC_WARN_UNUSED_VARIABLE = YES;
				INFOPLIST_FILE = "Tests/Tests-Info.plist";
				IPHONEOS_DEPLOYMENT_TARGET = 6.1;
				MACOSX_DEPLOYMENT_TARGET = 10.8;
				ONLY_ACTIVE_ARCH = YES;
				PRODUCT_NAME = "$(TARGET_NAME)";
				SDKROOT = iphoneos;
			};
			name = Debug;
		};
		27389E20185345FD0027A404 /* Release */ = {
			isa = XCBuildConfiguration;
			baseConfigurationReference = 5F1D517F9EA361A799566573 /* Pods-ios.release.xcconfig */;
			buildSettings = {
				ALWAYS_SEARCH_USER_PATHS = NO;
				ARCHS = "$(ARCHS_STANDARD_INCLUDING_64_BIT)";
				CLANG_CXX_LANGUAGE_STANDARD = "gnu++0x";
				CLANG_CXX_LIBRARY = "libc++";
				CLANG_ENABLE_MODULES = YES;
				CLANG_ENABLE_OBJC_ARC = YES;
				CLANG_WARN_BOOL_CONVERSION = YES;
				CLANG_WARN_CONSTANT_CONVERSION = YES;
				CLANG_WARN_DIRECT_OBJC_ISA_USAGE = YES_ERROR;
				CLANG_WARN_EMPTY_BODY = YES;
				CLANG_WARN_ENUM_CONVERSION = YES;
				CLANG_WARN_INT_CONVERSION = YES;
				CLANG_WARN_OBJC_ROOT_CLASS = YES_ERROR;
				CLANG_WARN__DUPLICATE_METHOD_MATCH = YES;
				COPY_PHASE_STRIP = YES;
				ENABLE_NS_ASSERTIONS = NO;
				FRAMEWORK_SEARCH_PATHS = (
					"$(SDKROOT)/Developer/Library/Frameworks",
					"$(inherited)",
					"$(DEVELOPER_FRAMEWORKS_DIR)",
				);
				GCC_C_LANGUAGE_STANDARD = gnu99;
				GCC_PRECOMPILE_PREFIX_HEADER = YES;
				GCC_PREFIX_HEADER = "Tests/Tests-Prefix.pch";
				GCC_WARN_64_TO_32_BIT_CONVERSION = YES;
				GCC_WARN_ABOUT_RETURN_TYPE = YES_ERROR;
				GCC_WARN_UNDECLARED_SELECTOR = YES;
				GCC_WARN_UNINITIALIZED_AUTOS = YES;
				GCC_WARN_UNUSED_FUNCTION = YES;
				GCC_WARN_UNUSED_VARIABLE = YES;
				INFOPLIST_FILE = "Tests/Tests-Info.plist";
				IPHONEOS_DEPLOYMENT_TARGET = 6.1;
				MACOSX_DEPLOYMENT_TARGET = 10.8;
				PRODUCT_NAME = "$(TARGET_NAME)";
				SDKROOT = iphoneos;
				VALIDATE_PRODUCT = YES;
			};
			name = Release;
		};
		27CCEDD4187AD64F006F3C66 /* Debug */ = {
			isa = XCBuildConfiguration;
			baseConfigurationReference = 9A7D07FED5506284BDC1ACC8 /* Pods-osx.debug.xcconfig */;
			buildSettings = {
				ALWAYS_SEARCH_USER_PATHS = NO;
				CLANG_CXX_LANGUAGE_STANDARD = "gnu++0x";
				CLANG_CXX_LIBRARY = "libc++";
				CLANG_ENABLE_OBJC_ARC = YES;
				CLANG_WARN_BOOL_CONVERSION = YES;
				CLANG_WARN_CONSTANT_CONVERSION = YES;
				CLANG_WARN_DIRECT_OBJC_ISA_USAGE = YES_ERROR;
				CLANG_WARN_EMPTY_BODY = YES;
				CLANG_WARN_ENUM_CONVERSION = YES;
				CLANG_WARN_INT_CONVERSION = YES;
				CLANG_WARN_OBJC_ROOT_CLASS = YES_ERROR;
				CLANG_WARN__DUPLICATE_METHOD_MATCH = YES;
				COPY_PHASE_STRIP = NO;
				FRAMEWORK_SEARCH_PATHS = (
					"$(DEVELOPER_FRAMEWORKS_DIR)",
					"$(inherited)",
				);
				GCC_C_LANGUAGE_STANDARD = gnu99;
				GCC_DYNAMIC_NO_PIC = NO;
				GCC_ENABLE_OBJC_EXCEPTIONS = YES;
				GCC_OPTIMIZATION_LEVEL = 0;
				GCC_PRECOMPILE_PREFIX_HEADER = YES;
				GCC_PREFIX_HEADER = "Tests OSX/Tests OSX-Prefix.pch";
				GCC_PREPROCESSOR_DEFINITIONS = (
					"DEBUG=1",
					"$(inherited)",
				);
				GCC_SYMBOLS_PRIVATE_EXTERN = NO;
				GCC_WARN_64_TO_32_BIT_CONVERSION = YES;
				GCC_WARN_ABOUT_RETURN_TYPE = YES_ERROR;
				GCC_WARN_UNDECLARED_SELECTOR = YES;
				GCC_WARN_UNINITIALIZED_AUTOS = YES;
				GCC_WARN_UNUSED_FUNCTION = YES;
				GCC_WARN_UNUSED_VARIABLE = YES;
				INFOPLIST_FILE = "Tests OSX/Tests OSX-Info.plist";
				MACOSX_DEPLOYMENT_TARGET = 10.8;
				ONLY_ACTIVE_ARCH = YES;
				PRODUCT_NAME = "$(TARGET_NAME)";
				SDKROOT = macosx;
			};
			name = Debug;
		};
		27CCEDD5187AD64F006F3C66 /* Release */ = {
			isa = XCBuildConfiguration;
			baseConfigurationReference = 03034DD60492427AC73C43CD /* Pods-osx.release.xcconfig */;
			buildSettings = {
				ALWAYS_SEARCH_USER_PATHS = NO;
				CLANG_CXX_LANGUAGE_STANDARD = "gnu++0x";
				CLANG_CXX_LIBRARY = "libc++";
				CLANG_ENABLE_OBJC_ARC = YES;
				CLANG_WARN_BOOL_CONVERSION = YES;
				CLANG_WARN_CONSTANT_CONVERSION = YES;
				CLANG_WARN_DIRECT_OBJC_ISA_USAGE = YES_ERROR;
				CLANG_WARN_EMPTY_BODY = YES;
				CLANG_WARN_ENUM_CONVERSION = YES;
				CLANG_WARN_INT_CONVERSION = YES;
				CLANG_WARN_OBJC_ROOT_CLASS = YES_ERROR;
				CLANG_WARN__DUPLICATE_METHOD_MATCH = YES;
				COPY_PHASE_STRIP = YES;
				DEBUG_INFORMATION_FORMAT = "dwarf-with-dsym";
				ENABLE_NS_ASSERTIONS = NO;
				FRAMEWORK_SEARCH_PATHS = (
					"$(DEVELOPER_FRAMEWORKS_DIR)",
					"$(inherited)",
				);
				GCC_C_LANGUAGE_STANDARD = gnu99;
				GCC_ENABLE_OBJC_EXCEPTIONS = YES;
				GCC_PRECOMPILE_PREFIX_HEADER = YES;
				GCC_PREFIX_HEADER = "Tests OSX/Tests OSX-Prefix.pch";
				GCC_WARN_64_TO_32_BIT_CONVERSION = YES;
				GCC_WARN_ABOUT_RETURN_TYPE = YES_ERROR;
				GCC_WARN_UNDECLARED_SELECTOR = YES;
				GCC_WARN_UNINITIALIZED_AUTOS = YES;
				GCC_WARN_UNUSED_FUNCTION = YES;
				GCC_WARN_UNUSED_VARIABLE = YES;
				INFOPLIST_FILE = "Tests OSX/Tests OSX-Info.plist";
				MACOSX_DEPLOYMENT_TARGET = 10.8;
				PRODUCT_NAME = "$(TARGET_NAME)";
				SDKROOT = macosx;
			};
			name = Release;
		};
/* End XCBuildConfiguration section */

/* Begin XCConfigurationList section */
		27389E05185345DA0027A404 /* Build configuration list for PBXProject "Tests" */ = {
			isa = XCConfigurationList;
			buildConfigurations = (
				27389E06185345DA0027A404 /* Debug */,
				27389E07185345DA0027A404 /* Release */,
			);
			defaultConfigurationIsVisible = 0;
			defaultConfigurationName = Release;
		};
		27389E1E185345FD0027A404 /* Build configuration list for PBXNativeTarget "Tests" */ = {
			isa = XCConfigurationList;
			buildConfigurations = (
				27389E1F185345FD0027A404 /* Debug */,
				27389E20185345FD0027A404 /* Release */,
			);
			defaultConfigurationIsVisible = 0;
			defaultConfigurationName = Release;
		};
		27CCEDD3187AD64F006F3C66 /* Build configuration list for PBXNativeTarget "Tests OSX" */ = {
			isa = XCConfigurationList;
			buildConfigurations = (
				27CCEDD4187AD64F006F3C66 /* Debug */,
				27CCEDD5187AD64F006F3C66 /* Release */,
			);
			defaultConfigurationIsVisible = 0;
			defaultConfigurationName = Release;
		};
/* End XCConfigurationList section */
	};
	rootObject = 27389E02185345DA0027A404 /* Project object */;
}
